
Microsoft Visual Studio Solution File, Format Version 12.00
# Visual Studio Version 17
VisualStudioVersion = 17.0.31612.314
MinimumVisualStudioVersion = 10.0.40219.1
Project("{9A19103F-16F7-4668-BE54-9A1E7A4F7556}") = "EventinatR", "src\EventinatR\EventinatR.csproj", "{E79B41A3-EA78-4FC6-A95C-1197EBB1332E}"
EndProject
Project("{9A19103F-16F7-4668-BE54-9A1E7A4F7556}") = "EventinatR.Cosmos", "src\EventinatR.Cosmos\EventinatR.Cosmos.csproj", "{4E84E074-708C-4853-8EAE-82A04047639C}"
EndProject
Project("{9A19103F-16F7-4668-BE54-9A1E7A4F7556}") = "EventinatR.Tests", "tests\EventinatR.Tests\EventinatR.Tests.csproj", "{35DB9870-B008-4A22-9738-73BBCD01A4B0}"
EndProject
Project("{9A19103F-16F7-4668-BE54-9A1E7A4F7556}") = "EventinatR.DependencyInjection", "src\EventinatR.DependencyInjection\EventinatR.DependencyInjection.csproj", "{3723763A-1F6E-4FCD-9BEA-8FE6E9B802AA}"
EndProject
Project("{9A19103F-16F7-4668-BE54-9A1E7A4F7556}") = "EventinatR.Benchmarks", "tests\EventinatR.Benchmarks\EventinatR.Benchmarks.csproj", "{8EC6406A-B97F-4FCE-9112-CFBF7E5565B2}"
EndProject
Project("{9A19103F-16F7-4668-BE54-9A1E7A4F7556}") = "EventinatR.Projections.Graph.Cosmos", "src\EventinatR.Projections.Graph.Cosmos\EventinatR.Projections.Graph.Cosmos.csproj", "{BB778DF2-2588-4688-AA7F-18476E636564}"
EndProject
Project("{9A19103F-16F7-4668-BE54-9A1E7A4F7556}") = "EventinatR.Publishers.ServiceBus", "src\EventinatR.Cosmos.Publishers.ServiceBus\EventinatR.Publishers.ServiceBus.csproj", "{FB8EC46A-DD69-4309-A000-002767187FBA}"
EndProject
Project("{9A19103F-16F7-4668-BE54-9A1E7A4F7556}") = "EventinatR.Publishers.EventGrid", "src\EventinatR.Cosmos.Publishers.EventGrid\EventinatR.Publishers.EventGrid.csproj", "{72A8BE95-4F55-49ED-AC92-52C0F66FD612}"
EndProject
Global
	GlobalSection(SolutionConfigurationPlatforms) = preSolution
		Debug|Any CPU = Debug|Any CPU
		Release|Any CPU = Release|Any CPU
	EndGlobalSection
	GlobalSection(ProjectConfigurationPlatforms) = postSolution
		{E79B41A3-EA78-4FC6-A95C-1197EBB1332E}.Debug|Any CPU.ActiveCfg = Debug|Any CPU
		{E79B41A3-EA78-4FC6-A95C-1197EBB1332E}.Debug|Any CPU.Build.0 = Debug|Any CPU
		{E79B41A3-EA78-4FC6-A95C-1197EBB1332E}.Release|Any CPU.ActiveCfg = Release|Any CPU
		{E79B41A3-EA78-4FC6-A95C-1197EBB1332E}.Release|Any CPU.Build.0 = Release|Any CPU
		{4E84E074-708C-4853-8EAE-82A04047639C}.Debug|Any CPU.ActiveCfg = Debug|Any CPU
		{4E84E074-708C-4853-8EAE-82A04047639C}.Debug|Any CPU.Build.0 = Debug|Any CPU
		{4E84E074-708C-4853-8EAE-82A04047639C}.Release|Any CPU.ActiveCfg = Release|Any CPU
		{4E84E074-708C-4853-8EAE-82A04047639C}.Release|Any CPU.Build.0 = Release|Any CPU
		{35DB9870-B008-4A22-9738-73BBCD01A4B0}.Debug|Any CPU.ActiveCfg = Debug|Any CPU
		{35DB9870-B008-4A22-9738-73BBCD01A4B0}.Debug|Any CPU.Build.0 = Debug|Any CPU
		{35DB9870-B008-4A22-9738-73BBCD01A4B0}.Release|Any CPU.ActiveCfg = Release|Any CPU
		{35DB9870-B008-4A22-9738-73BBCD01A4B0}.Release|Any CPU.Build.0 = Release|Any CPU
		{3723763A-1F6E-4FCD-9BEA-8FE6E9B802AA}.Debug|Any CPU.ActiveCfg = Debug|Any CPU
		{3723763A-1F6E-4FCD-9BEA-8FE6E9B802AA}.Debug|Any CPU.Build.0 = Debug|Any CPU
		{3723763A-1F6E-4FCD-9BEA-8FE6E9B802AA}.Release|Any CPU.ActiveCfg = Release|Any CPU
		{3723763A-1F6E-4FCD-9BEA-8FE6E9B802AA}.Release|Any CPU.Build.0 = Release|Any CPU
		{8EC6406A-B97F-4FCE-9112-CFBF7E5565B2}.Debug|Any CPU.ActiveCfg = Debug|Any CPU
		{8EC6406A-B97F-4FCE-9112-CFBF7E5565B2}.Debug|Any CPU.Build.0 = Debug|Any CPU
		{8EC6406A-B97F-4FCE-9112-CFBF7E5565B2}.Release|Any CPU.ActiveCfg = Release|Any CPU
		{8EC6406A-B97F-4FCE-9112-CFBF7E5565B2}.Release|Any CPU.Build.0 = Release|Any CPU
		{BB778DF2-2588-4688-AA7F-18476E636564}.Debug|Any CPU.ActiveCfg = Debug|Any CPU
		{BB778DF2-2588-4688-AA7F-18476E636564}.Debug|Any CPU.Build.0 = Debug|Any CPU
		{BB778DF2-2588-4688-AA7F-18476E636564}.Release|Any CPU.ActiveCfg = Release|Any CPU
		{BB778DF2-2588-4688-AA7F-18476E636564}.Release|Any CPU.Build.0 = Release|Any CPU
		{FB8EC46A-DD69-4309-A000-002767187FBA}.Debug|Any CPU.ActiveCfg = Debug|Any CPU
		{FB8EC46A-DD69-4309-A000-002767187FBA}.Debug|Any CPU.Build.0 = Debug|Any CPU
		{FB8EC46A-DD69-4309-A000-002767187FBA}.Release|Any CPU.ActiveCfg = Release|Any CPU
		{FB8EC46A-DD69-4309-A000-002767187FBA}.Release|Any CPU.Build.0 = Release|Any CPU
		{72A8BE95-4F55-49ED-AC92-52C0F66FD612}.Debug|Any CPU.ActiveCfg = Debug|Any CPU
		{72A8BE95-4F55-49ED-AC92-52C0F66FD612}.Debug|Any CPU.Build.0 = Debug|Any CPU
		{72A8BE95-4F55-49ED-AC92-52C0F66FD612}.Release|Any CPU.ActiveCfg = Release|Any CPU
		{72A8BE95-4F55-49ED-AC92-52C0F66FD612}.Release|Any CPU.Build.0 = Release|Any CPU
	EndGlobalSection
	GlobalSection(SolutionProperties) = preSolution
		HideSolutionNode = FALSE
	EndGlobalSection
	GlobalSection(ExtensibilityGlobals) = postSolution
		SolutionGuid = {15BDEDB0-5838-4526-BA6B-C415BF7573F8}
	EndGlobalSection
EndGlobal
